
Microsoft Visual Studio Solution File, Format Version 12.00
# Visual Studio 15
VisualStudioVersion = 15.0.28307.271
MinimumVisualStudioVersion = 10.0.40219.1
Project("{FAE04EC0-301F-11D3-BF4B-00C04F79EFBC}") = "WorkshopGrillo", "WorkshopGrillo\WorkshopGrillo.csproj", "{88E7BC79-C132-4DD6-BEC6-593DFD8CCFE7}"
EndProject
Global
	GlobalSection(SolutionConfigurationPlatforms) = preSolution
		Debug|Any CPU = Debug|Any CPU
		Release|Any CPU = Release|Any CPU
	EndGlobalSection
	GlobalSection(ProjectConfigurationPlatforms) = postSolution
		{88E7BC79-C132-4DD6-BEC6-593DFD8CCFE7}.Debug|Any CPU.ActiveCfg = Debug|Any CPU
		{88E7BC79-C132-4DD6-BEC6-593DFD8CCFE7}.Debug|Any CPU.Build.0 = Debug|Any CPU
		{88E7BC79-C132-4DD6-BEC6-593DFD8CCFE7}.Release|Any CPU.ActiveCfg = Release|Any CPU
		{88E7BC79-C132-4DD6-BEC6-593DFD8CCFE7}.Release|Any CPU.Build.0 = Release|Any CPU
	EndGlobalSection
	GlobalSection(SolutionProperties) = preSolution
		HideSolutionNode = FALSE
	EndGlobalSection
	GlobalSection(ExtensibilityGlobals) = postSolution
		SolutionGuid = {00FF7A0D-FB0A-4E35-86CB-9B8C242A1E2A}
	EndGlobalSection
EndGlobal
